
Microsoft Visual Studio Solution File, Format Version 12.00
# Visual Studio Version 16
VisualStudioVersion = 16.0.30330.147
MinimumVisualStudioVersion = 10.0.40219.1
Project("{FAE04EC0-301F-11D3-BF4B-00C04F79EFBC}") = "Calculator", "Calculator\Calculator.csproj", "{3218722A-D21A-4EFC-B7AF-BBB498F2D270}"
EndProject
Global
	GlobalSection(SolutionConfigurationPlatforms) = preSolution
		Debug|Any CPU = Debug|Any CPU
		Release|Any CPU = Release|Any CPU
	EndGlobalSection
	GlobalSection(ProjectConfigurationPlatforms) = postSolution
		{3218722A-D21A-4EFC-B7AF-BBB498F2D270}.Debug|Any CPU.ActiveCfg = Debug|Any CPU
		{3218722A-D21A-4EFC-B7AF-BBB498F2D270}.Debug|Any CPU.Build.0 = Debug|Any CPU
		{3218722A-D21A-4EFC-B7AF-BBB498F2D270}.Release|Any CPU.ActiveCfg = Release|Any CPU
		{3218722A-D21A-4EFC-B7AF-BBB498F2D270}.Release|Any CPU.Build.0 = Release|Any CPU
	EndGlobalSection
	GlobalSection(SolutionProperties) = preSolution
		HideSolutionNode = FALSE
	EndGlobalSection
	GlobalSection(ExtensibilityGlobals) = postSolution
		SolutionGuid = {11728266-B33B-4559-A951-570609677466}
	EndGlobalSection
EndGlobal
